github.com/google/pprof v0.0.0-20190309163659-77426154d546 h1:r3n/h1Zh7Wpk29Q/b+FdrNjDAmr28WaPcxlI0c4NaeA=
github.com/google/pprof v0.0.0-20190309163659-77426154d546/go.mod h1:zfwlbNMJ+OItoe0UupaVj+oy1omPYYDuagoSzA8v9mc=
github.com/ianlancetaylor/demangle v0.0.0-20181102032728-5e5cf60278f6 h1:UDMh68UUwekSh5iP2OMhRRZJiiBccgV7axzUG8vi56c=
github.com/ianlancetaylor/demangle v0.0.0-20181102032728-5e5cf60278f6/go.mod h1:aSSvb/t6k1mPoxDqO4vJh6VOCGPwU4O0C2/Eqndh1Sc=
github.com/spf13/cobra v0.0.3 h1:ZlrZ4XsMRm04Fr5pSFxBgfND2EBVa1nLpiy1stUsX/8=
github.com/spf13/cobra v0.0.3/go.mod h1:1l0Ry5zgKvJasoi3XT1TypsSe7PqH0Sj9dhYf7v3XqQ=
github.com/spf13/pflag v1.0.3 h1:zPAT6CGy6wXeQ7NtTnaTerfKOsV6V6F8agHXFiazDkg=
github.com/spf13/pflag v1.0.3/go.mod h1:DYY7MBk1bdzusC3SYhjObp+wFpr4gzcvqqNjLnInEg4=
golang.org/x/arch v0.0.0-20190312162104-788fe5ffcd8c h1:Rx/HTKi09myZ25t1SOlDHmHOy/mKxNAcu0hP1oPX9qM=
golang.org/x/arch v0.0.0-20190312162104-788fe5ffcd8c/go.mod h1:flIaEI6LNU6xOCD5PaJvn9wGP0agmIOqjrtsKGRguv4=
golang.org/x/crypto v0.0.0-20190308221718-c2843e01d9a2/go.mod h1:djNgcEr1/C05ACkg1iLfiJU5Ep61QUkGW8qpdssI0+w=
golang.org/x/crypto v0.0.0-20190325154230-a5d413f7728c h1:Vj5n4GlwjmQteupaxJ9+0FNOmBrHfq7vN4btdGoDZgI=
golang.org/x/crypto v0.0.0-20190325154230-a5d413f7728c/go.mod h1:djNgcEr1/C05ACkg1iLfiJU5Ep61QUkGW8qpdssI0+w=
golang.org/x/net v0.0.0-20190311183353-d8887717615a/go.mod h1:t9HGtf8HONx5eT2rtn7q6eTqICYqUVnKs3thJo3Qplg=
golang.org/x/sys v0.0.0-20190215142949-d0b11bdaac8a/go.mod h1:STP8DvDyc/dI5b8T5hshtkjS+E42TnysNCUPdjciGhY=
golang.org/x/sys v0.0.0-20190322080309-f49334f85ddc h1:4gbWbmmPFp4ySWICouJl6emP0MyS31yy9SrTlAGFT+g=
golang.org/x/sys v0.0.0-20190322080309-f49334f85ddc/go.mod h1:h1NjWce9XRLGQEsW7wpKNCjG9DtNlClVuFLEZdDNbEs=
golang.org/x/text v0.3.0/go.mod h1:NqM8EUOU14njkJ3fqMW+pc6Ldnwhi/IjpwHt7yyuwOQ=
golang.org/x/tools v0.0.0-20190325223049-1d95b17f1b04 h1:SRYGE+BqJRgY8JH4p2NmwTPeuREKqKYw5IuEmthTHKQ=
golang.org/x/tools v0.0.0-20190325223049-1d95b17f1b04/go.mod h1:LCzVGOaR6xXOjkQ3onu1FJEFr0SW1gC7cKk1uF8kGRs=
pault.ag/go/fasc v0.0.0-20190316173901-38e8cd7ca983 h1:qJLG264JbrpRPItWpRB5HaDunc1bNiwvFfiiVfUtXjU=
pault.ag/go/fasc v0.0.0-20190316173901-38e8cd7ca983/go.mod h1:ZVD6UhO2Ww4DGiNTW0cgpFlE820wDl2aMcTlprz7V2E=
pault.ag/go/othername v0.0.0-20190316144542-859caba4369b h1:mIaVWfAAW33WRl0j2jKq4SPgs/NSUMb/UmMKbuVv6vc=
pault.ag/go/othername v0.0.0-20190316144542-859caba4369b/go.mod h1:u939XwodO0MGyc2Wsk3DUHLu64//oyyi9xFxId8hW48=
pault.ag/go/piv v0.0.0-20190320181422-d9d61c70919c h1:m1IRvlrAOG0OYOIwY0HOoW/SjnfyRd1TVZKztAkgy34=
pault.ag/go/piv v0.0.0-20190320181422-d9d61c70919c/go.mod h1:fYW2wqJxyUbboP9qWa5ugkzT3vUqPFr542FMw9lXHv0=
rsc.io/pdf v0.1.1/go.mod h1:n8OzWcQ6Sp37PL01nO98y4iUCRdTGarVfzxY20ICaU4=
